Microsoft Visual Studio Solution File, Format Version 12.00
# Visual Studio Version 17
VisualStudioVersion = 17.5.2.0
MinimumVisualStudioVersion = 10.0.40219.1
Project("{FAE04EC0-301F-11D3-BF4B-00C04F79EFBC}") = "caulenhlap", "caulenhlap.csproj", "{9CA51694-80A5-5E16-6AA6-3E65A0174022}"
EndProject
Global
	GlobalSection(SolutionConfigurationPlatforms) = preSolution
		Debug|Any CPU = Debug|Any CPU
		Release|Any CPU = Release|Any CPU
	EndGlobalSection
	GlobalSection(ProjectConfigurationPlatforms) = postSolution
		{9CA51694-80A5-5E16-6AA6-3E65A0174022}.Debug|Any CPU.ActiveCfg = Debug|Any CPU
		{9CA51694-80A5-5E16-6AA6-3E65A0174022}.Debug|Any CPU.Build.0 = Debug|Any CPU
		{9CA51694-80A5-5E16-6AA6-3E65A0174022}.Release|Any CPU.ActiveCfg = Release|Any CPU
		{9CA51694-80A5-5E16-6AA6-3E65A0174022}.Release|Any CPU.Build.0 = Release|Any CPU
	EndGlobalSection
	GlobalSection(SolutionProperties) = preSolution
		HideSolutionNode = FALSE
	EndGlobalSection
	GlobalSection(ExtensibilityGlobals) = postSolution
		SolutionGuid = {91A67C6B-F113-4CEE-8D4E-299C5D4DC955}
	EndGlobalSection
EndGlobal
